
Microsoft Visual Studio Solution File, Format Version 12.00
# Visual Studio Version 16
VisualStudioVersion = 16.0.31424.327
MinimumVisualStudioVersion = 10.0.40219.1
Project("{9A19103F-16F7-4668-BE54-9A1E7A4F7556}") = "BankEncapsulation", "BankEncapsulation.csproj", "{06A4B777-51B1-4635-9502-21F2D8F1F54B}"
EndProject
Global
	GlobalSection(SolutionConfigurationPlatforms) = preSolution
		Debug|Any CPU = Debug|Any CPU
		Release|Any CPU = Release|Any CPU
	EndGlobalSection
	GlobalSection(ProjectConfigurationPlatforms) = postSolution
		{06A4B777-51B1-4635-9502-21F2D8F1F54B}.Debug|Any CPU.ActiveCfg = Debug|Any CPU
		{06A4B777-51B1-4635-9502-21F2D8F1F54B}.Debug|Any CPU.Build.0 = Debug|Any CPU
		{06A4B777-51B1-4635-9502-21F2D8F1F54B}.Release|Any CPU.ActiveCfg = Release|Any CPU
		{06A4B777-51B1-4635-9502-21F2D8F1F54B}.Release|Any CPU.Build.0 = Release|Any CPU
	EndGlobalSection
	GlobalSection(SolutionProperties) = preSolution
		HideSolutionNode = FALSE
	EndGlobalSection
	GlobalSection(ExtensibilityGlobals) = postSolution
		SolutionGuid = {F7064924-8D5F-494E-8A75-02919D144273}
	EndGlobalSection
EndGlobal
